
Microsoft Visual Studio Solution File, Format Version 12.00
# Visual Studio Version 17
VisualStudioVersion = 17.5.33530.505
MinimumVisualStudioVersion = 10.0.40219.1
Project("{9A19103F-16F7-4668-BE54-9A1E7A4F7556}") = "StudentIMS", "StudentIMS\StudentIMS.csproj", "{0EA8F6BC-7AEE-4301-9872-0770AEB668DB}"
EndProject
Project("{FAE04EC0-301F-11D3-BF4B-00C04F79EFBC}") = "DataAccess", "DataAccess\DataAccess.csproj", "{E0387B02-851F-42E9-B352-021DC1091F83}"
EndProject
Project("{FAE04EC0-301F-11D3-BF4B-00C04F79EFBC}") = "Models", "Models\Models.csproj", "{3D1096DF-6FAF-4AC8-ABF5-D12B54B4D33B}"
EndProject
Global
	GlobalSection(SolutionConfigurationPlatforms) = preSolution
		Debug|Any CPU = Debug|Any CPU
		Release|Any CPU = Release|Any CPU
	EndGlobalSection
	GlobalSection(ProjectConfigurationPlatforms) = postSolution
		{0EA8F6BC-7AEE-4301-9872-0770AEB668DB}.Debug|Any CPU.ActiveCfg = Debug|Any CPU
		{0EA8F6BC-7AEE-4301-9872-0770AEB668DB}.Debug|Any CPU.Build.0 = Debug|Any CPU
		{0EA8F6BC-7AEE-4301-9872-0770AEB668DB}.Release|Any CPU.ActiveCfg = Release|Any CPU
		{0EA8F6BC-7AEE-4301-9872-0770AEB668DB}.Release|Any CPU.Build.0 = Release|Any CPU
		{E0387B02-851F-42E9-B352-021DC1091F83}.Debug|Any CPU.ActiveCfg = Debug|Any CPU
		{E0387B02-851F-42E9-B352-021DC1091F83}.Debug|Any CPU.Build.0 = Debug|Any CPU
		{E0387B02-851F-42E9-B352-021DC1091F83}.Release|Any CPU.ActiveCfg = Release|Any CPU
		{E0387B02-851F-42E9-B352-021DC1091F83}.Release|Any CPU.Build.0 = Release|Any CPU
		{3D1096DF-6FAF-4AC8-ABF5-D12B54B4D33B}.Debug|Any CPU.ActiveCfg = Debug|Any CPU
		{3D1096DF-6FAF-4AC8-ABF5-D12B54B4D33B}.Debug|Any CPU.Build.0 = Debug|Any CPU
		{3D1096DF-6FAF-4AC8-ABF5-D12B54B4D33B}.Release|Any CPU.ActiveCfg = Release|Any CPU
		{3D1096DF-6FAF-4AC8-ABF5-D12B54B4D33B}.Release|Any CPU.Build.0 = Release|Any CPU
	EndGlobalSection
	GlobalSection(SolutionProperties) = preSolution
		HideSolutionNode = FALSE
	EndGlobalSection
	GlobalSection(ExtensibilityGlobals) = postSolution
		SolutionGuid = {EE72550B-305E-4C07-9F86-9F19DEF7DCF4}
	EndGlobalSection
EndGlobal
